
Microsoft Visual Studio Solution File, Format Version 12.00
# Visual Studio Version 16
VisualStudioVersion = 16.0.29230.47
MinimumVisualStudioVersion = 10.0.40219.1
Project("{FAE04EC0-301F-11D3-BF4B-00C04F79EFBC}") = "FormalneProjektni", "FormalneProjektni\FormalneProjektni.csproj", "{10FAAF81-DD9A-4432-9264-ECC5891EE9E1}"
EndProject
Global
	GlobalSection(SolutionConfigurationPlatforms) = preSolution
		Debug|Any CPU = Debug|Any CPU
		Release|Any CPU = Release|Any CPU
	EndGlobalSection
	GlobalSection(ProjectConfigurationPlatforms) = postSolution
		{10FAAF81-DD9A-4432-9264-ECC5891EE9E1}.Debug|Any CPU.ActiveCfg = Debug|Any CPU
		{10FAAF81-DD9A-4432-9264-ECC5891EE9E1}.Debug|Any CPU.Build.0 = Debug|Any CPU
		{10FAAF81-DD9A-4432-9264-ECC5891EE9E1}.Release|Any CPU.ActiveCfg = Release|Any CPU
		{10FAAF81-DD9A-4432-9264-ECC5891EE9E1}.Release|Any CPU.Build.0 = Release|Any CPU
	EndGlobalSection
	GlobalSection(SolutionProperties) = preSolution
		HideSolutionNode = FALSE
	EndGlobalSection
	GlobalSection(ExtensibilityGlobals) = postSolution
		SolutionGuid = {13238E86-ABB2-460E-83B5-3456A2F2B2E4}
	EndGlobalSection
EndGlobal
